// !$*UTF8*$!
{
	archiveVersion = 1;
	classes = {
	};
	objectVersion = 46;
	objects = {

/* Begin PBXBuildFile section */
		C4BB88591EECD45A0099F81E /* AppDelegate.swift in Sources */ = {isa = PBXBuildFile; fileRef = C4BB88581EECD45A0099F81E /* AppDelegate.swift */; };
		C4BB885B1EECD45A0099F81E /* ViewController.swift in Sources */ = {isa = PBXBuildFile; fileRef = C4BB885A1EECD45A0099F81E /* ViewController.swift */; };
		C4BB885E1EECD45A0099F81E /* Main.storyboard in Resources */ = {isa = PBXBuildFile; fileRef = C4BB885C1EECD45A0099F81E /* Main.storyboard */; };
		C4BB88611EECD45A0099F81E /* Bookme.xcdatamodeld in Sources */ = {isa = PBXBuildFile; fileRef = C4BB885F1EECD45A0099F81E /* Bookme.xcdatamodeld */; };
		C4BB88631EECD45A0099F81E /* Assets.xcassets in Resources */ = {isa = PBXBuildFile; fileRef = C4BB88621EECD45A0099F81E /* Assets.xcassets */; };
		C4BB88661EECD45A0099F81E /* LaunchScreen.storyboard in Resources */ = {isa = PBXBuildFile; fileRef = C4BB88641EECD45A0099F81E /* LaunchScreen.storyboard */; };
		C4BB88711EECD45A0099F81E /* BookmeTests.swift in Sources */ = {isa = PBXBuildFile; fileRef = C4BB88701EECD45A0099F81E /* BookmeTests.swift */; };
		C4BB887C1EECD45A0099F81E /* BookmeUITests.swift in Sources */ = {isa = PBXBuildFile; fileRef = C4BB887B1EECD45A0099F81E /* BookmeUITests.swift */; };
/* End PBXBuildFile section */

/* Begin PBXContainerItemProxy section */
		C4BB886D1EECD45A0099F81E /* PBXContainerItemProxy */ = {
			isa = PBXContainerItemProxy;
			containerPortal = C4BB884D1EECD45A0099F81E /* Project object */;
			proxyType = 1;
			remoteGlobalIDString = C4BB88541EECD45A0099F81E;
			remoteInfo = Bookme;
		};
		C4BB88781EECD45A0099F81E /* PBXContainerItemProxy */ = {
			isa = PBXContainerItemProxy;
			containerPortal = C4BB884D1EECD45A0099F81E /* Project object */;
			proxyType = 1;
			remoteGlobalIDString = C4BB88541EECD45A0099F81E;
			remoteInfo = Bookme;
		};
/* End PBXContainerItemProxy section */

/* Begin PBXFileReference section */
		C4BB88551EECD45A0099F81E /* Bookme.app */ = {isa = PBXFileReference; explicitFileType = wrapper.application; includeInIndex = 0; path = Bookme.app; sourceTree = BUILT_PRODUCTS_DIR; };
		C4BB88581EECD45A0099F81E /* AppDelegate.swift */ = {isa = PBXFileReference; lastKnownFileType = sourcecode.swift; path = AppDelegate.swift; sourceTree = "<group>"; };
		C4BB885A1EECD45A0099F81E /* ViewController.swift */ = {isa = PBXFileReference; lastKnownFileType = sourcecode.swift; path = ViewController.swift; sourceTree = "<group>"; };
		C4BB885D1EECD45A0099F81E /* Base */ = {isa = PBXFileReference; lastKnownFileType = file.storyboard; name = Base; path = Base.lproj/Main.storyboard; sourceTree = "<group>"; };
		C4BB88601EECD45A0099F81E /* Bookme.xcdatamodel */ = {isa = PBXFileReference; lastKnownFileType = wrapper.xcdatamodel; path = Bookme.xcdatamodel; sourceTree = "<group>"; };
		C4BB88621EECD45A0099F81E /* Assets.xcassets */ = {isa = PBXFileReference; lastKnownFileType = folder.assetcatalog; path = Assets.xcassets; sourceTree = "<group>"; };
		C4BB88651EECD45A0099F81E /* Base */ = {isa = PBXFileReference; lastKnownFileType = file.storyboard; name = Base; path = Base.lproj/LaunchScreen.storyboard; sourceTree = "<group>"; };
		C4BB88671EECD45A0099F81E /* Info.plist */ = {isa = PBXFileReference; lastKnownFileType = text.plist.xml; path = Info.plist; sourceTree = "<group>"; };
		C4BB886C1EECD45A0099F81E /* BookmeTests.xctest */ = {isa = PBXFileReference; explicitFileType = wrapper.cfbundle; includeInIndex = 0; path = BookmeTests.xctest; sourceTree = BUILT_PRODUCTS_DIR; };
		C4BB88701EECD45A0099F81E /* BookmeTests.swift */ = {isa = PBXFileReference; lastKnownFileType = sourcecode.swift; path = BookmeTests.swift; sourceTree = "<group>"; };
		C4BB88721EECD45A0099F81E /* Info.plist */ = {isa = PBXFileReference; lastKnownFileType = text.plist.xml; path = Info.plist; sourceTree = "<group>"; };
		C4BB88771EECD45A0099F81E /* BookmeUITests.xctest */ = {isa = PBXFileReference; explicitFileType = wrapper.cfbundle; includeInIndex = 0; path = BookmeUITests.xctest; sourceTree = BUILT_PRODUCTS_DIR; };
		C4BB887B1EECD45A0099F81E /* BookmeUITests.swift */ = {isa = PBXFileReference; lastKnownFileType = sourcecode.swift; path = BookmeUITests.swift; sourceTree = "<group>"; };
		C4BB887D1EECD45A0099F81E /* Info.plist */ = {isa = PBXFileReference; lastKnownFileType = text.plist.xml; path = Info.plist; sourceTree = "<group>"; };
/* End PBXFileReference section */

/* Begin PBXFrameworksBuildPhase section */
		C4BB88521EECD45A0099F81E /* Frameworks */ = {
			isa = PBXFrameworksBuildPhase;
			buildActionMask = 2147483647;
			files = (
			);
			runOnlyForDeploymentPostprocessing = 0;
		};
		C4BB88691EECD45A0099F81E /* Frameworks */ = {
			isa = PBXFrameworksBuildPhase;
			buildActionMask = 2147483647;
			files = (
			);
			runOnlyForDeploymentPostprocessing = 0;
		};
		C4BB88741EECD45A0099F81E /* Frameworks */ = {
			isa = PBXFrameworksBuildPhase;
			buildActionMask = 2147483647;
			files = (
			);
			runOnlyForDeploymentPostprocessing = 0;
		};
/* End PBXFrameworksBuildPhase section */

/* Begin PBXGroup section */
		C4BB884C1EECD45A0099F81E = {
			isa = PBXGroup;
			children = (
				C4BB88571EECD45A0099F81E /* Bookme */,
				C4BB886F1EECD45A0099F81E /* BookmeTests */,
				C4BB887A1EECD45A0099F81E /* BookmeUITests */,
				C4BB88561EECD45A0099F81E /* Products */,
			);
			sourceTree = "<group>";
		};
		C4BB88561EECD45A0099F81E /* Products */ = {
			isa = PBXGroup;
			children = (
				C4BB88551EECD45A0099F81E /* Bookme.app */,
				C4BB886C1EECD45A0099F81E /* BookmeTests.xctest */,
				C4BB88771EECD45A0099F81E /* BookmeUITests.xctest */,
			);
			name = Products;
			sourceTree = "<group>";
		};
		C4BB88571EECD45A0099F81E /* Bookme */ = {
			isa = PBXGroup;
			children = (
				C4BB88581EECD45A0099F81E /* AppDelegate.swift */,
				C4BB885A1EECD45A0099F81E /* ViewController.swift */,
				C4BB885C1EECD45A0099F81E /* Main.storyboard */,
				C4BB88621EECD45A0099F81E /* Assets.xcassets */,
				C4BB88641EECD45A0099F81E /* LaunchScreen.storyboard */,
				C4BB88671EECD45A0099F81E /* Info.plist */,
				C4BB885F1EECD45A0099F81E /* Bookme.xcdatamodeld */,
			);
			path = Bookme;
			sourceTree = "<group>";
		};
		C4BB886F1EECD45A0099F81E /* BookmeTests */ = {
			isa = PBXGroup;
			children = (
				C4BB88701EECD45A0099F81E /* BookmeTests.swift */,
				C4BB88721EECD45A0099F81E /* Info.plist */,
			);
			path = BookmeTests;
			sourceTree = "<group>";
		};
		C4BB887A1EECD45A0099F81E /* BookmeUITests */ = {
			isa = PBXGroup;
			children = (
				C4BB887B1EECD45A0099F81E /* BookmeUITests.swift */,
				C4BB887D1EECD45A0099F81E /* Info.plist */,
			);
			path = BookmeUITests;
			sourceTree = "<group>";
		};
/* End PBXGroup section */

/* Begin PBXNativeTarget section */
		C4BB88541EECD45A0099F81E /* Bookme */ = {
			isa = PBXNativeTarget;
			buildConfigurationList = C4BB88801EECD45A0099F81E /* Build configuration list for PBXNativeTarget "Bookme" */;
			buildPhases = (
				C4BB88511EECD45A0099F81E /* Sources */,
				C4BB88521EECD45A0099F81E /* Frameworks */,
				C4BB88531EECD45A0099F81E /* Resources */,
			);
			buildRules = (
			);
			dependencies = (
			);
			name = Bookme;
			productName = Bookme;
			productReference = C4BB88551EECD45A0099F81E /* Bookme.app */;
			productType = "com.apple.product-type.application";
		};
		C4BB886B1EECD45A0099F81E /* BookmeTests */ = {
			isa = PBXNativeTarget;
			buildConfigurationList = C4BB88831EECD45A0099F81E /* Build configuration list for PBXNativeTarget "BookmeTests" */;
			buildPhases = (
				C4BB88681EECD45A0099F81E /* Sources */,
				C4BB88691EECD45A0099F81E /* Frameworks */,
				C4BB886A1EECD45A0099F81E /* Resources */,
			);
			buildRules = (
			);
			dependencies = (
				C4BB886E1EECD45A0099F81E /* PBXTargetDependency */,
			);
			name = BookmeTests;
			productName = BookmeTests;
			productReference = C4BB886C1EECD45A0099F81E /* BookmeTests.xctest */;
			productType = "com.apple.product-type.bundle.unit-test";
		};
		C4BB88761EECD45A0099F81E /* BookmeUITests */ = {
			isa = PBXNativeTarget;
			buildConfigurationList = C4BB88861EECD45A0099F81E /* Build configuration list for PBXNativeTarget "BookmeUITests" */;
			buildPhases = (
				C4BB88731EECD45A0099F81E /* Sources */,
				C4BB88741EECD45A0099F81E /* Frameworks */,
				C4BB88751EECD45A0099F81E /* Resources */,
			);
			buildRules = (
			);
			dependencies = (
				C4BB88791EECD45A0099F81E /* PBXTargetDependency */,
			);
			name = BookmeUITests;
			productName = BookmeUITests;
			productReference = C4BB88771EECD45A0099F81E /* BookmeUITests.xctest */;
			productType = "com.apple.product-type.bundle.ui-testing";
		};
/* End PBXNativeTarget section */

/* Begin PBXProject section */
		C4BB884D1EECD45A0099F81E /* Project object */ = {
			isa = PBXProject;
			attributes = {
				LastSwiftUpdateCheck = 0830;
				LastUpgradeCheck = 0830;
				ORGANIZATIONNAME = "Janet Rivas";
				TargetAttributes = {
					C4BB88541EECD45A0099F81E = {
						CreatedOnToolsVersion = 8.3.1;
						ProvisioningStyle = Automatic;
					};
					C4BB886B1EECD45A0099F81E = {
						CreatedOnToolsVersion = 8.3.1;
						ProvisioningStyle = Automatic;
						TestTargetID = C4BB88541EECD45A0099F81E;
					};
					C4BB88761EECD45A0099F81E = {
						CreatedOnToolsVersion = 8.3.1;
						ProvisioningStyle = Automatic;
						TestTargetID = C4BB88541EECD45A0099F81E;
					};
				};
			};
			buildConfigurationList = C4BB88501EECD45A0099F81E /* Build configuration list for PBXProject "Bookme" */;
			compatibilityVersion = "Xcode 3.2";
			developmentRegion = English;
			hasScannedForEncodings = 0;
			knownRegions = (
				en,
				Base,
			);
			mainGroup = C4BB884C1EECD45A0099F81E;
			productRefGroup = C4BB88561EECD45A0099F81E /* Products */;
			projectDirPath = "";
			projectRoot = "";
			targets = (
				C4BB88541EECD45A0099F81E /* Bookme */,
				C4BB886B1EECD45A0099F81E /* BookmeTests */,
				C4BB88761EECD45A0099F81E /* BookmeUITests */,
			);
		};
/* End PBXProject section */

/* Begin PBXResourcesBuildPhase section */
		C4BB88531EECD45A0099F81E /* Resources */ = {
			isa = PBXResourcesBuildPhase;
			buildActionMask = 2147483647;
			files = (
				C4BB88661EECD45A0099F81E /* LaunchScreen.storyboard in Resources */,
				C4BB88631EECD45A0099F81E /* Assets.xcassets in Resources */,
				C4BB885E1EECD45A0099F81E /* Main.storyboard in Resources */,
			);
			runOnlyForDeploymentPostprocessing = 0;
		};
		C4BB886A1EECD45A0099F81E /* Resources */ = {
			isa = PBXResourcesBuildPhase;
			buildActionMask = 2147483647;
			files = (
			);
			runOnlyForDeploymentPostprocessing = 0;
		};
		C4BB88751EECD45A0099F81E /* Resources */ = {
			isa = PBXResourcesBuildPhase;
			buildActionMask = 2147483647;
			files = (
			);
			runOnlyForDeploymentPostprocessing = 0;
		};
/* End PBXResourcesBuildPhase section */

/* Begin PBXSourcesBuildPhase section */
		C4BB88511EECD45A0099F81E /* Sources */ = {
			isa = PBXSourcesBuildPhase;
			buildActionMask = 2147483647;
			files = (
				C4BB88611EECD45A0099F81E /* Bookme.xcdatamodeld in Sources */,
				C4BB885B1EECD45A0099F81E /* ViewController.swift in Sources */,
				C4BB88591EECD45A0099F81E /* AppDelegate.swift in Sources */,
			);
			runOnlyForDeploymentPostprocessing = 0;
		};
		C4BB88681EECD45A0099F81E /* Sources */ = {
			isa = PBXSourcesBuildPhase;
			buildActionMask = 2147483647;
			files = (
				C4BB88711EECD45A0099F81E /* BookmeTests.swift in Sources */,
			);
			runOnlyForDeploymentPostprocessing = 0;
		};
		C4BB88731EECD45A0099F81E /* Sources */ = {
			isa = PBXSourcesBuildPhase;
			buildActionMask = 2147483647;
			files = (
				C4BB887C1EECD45A0099F81E /* BookmeUITests.swift in Sources */,
			);
			runOnlyForDeploymentPostprocessing = 0;
		};
/* End PBXSourcesBuildPhase section */

/* Begin PBXTargetDependency section */
		C4BB886E1EECD45A0099F81E /* PBXTargetDependency */ = {
			isa = PBXTargetDependency;
			target = C4BB88541EECD45A0099F81E /* Bookme */;
			targetProxy = C4BB886D1EECD45A0099F81E /* PBXContainerItemProxy */;
		};
		C4BB88791EECD45A0099F81E /* PBXTargetDependency */ = {
			isa = PBXTargetDependency;
			target = C4BB88541EECD45A0099F81E /* Bookme */;
			targetProxy = C4BB88781EECD45A0099F81E /* PBXContainerItemProxy */;
		};
/* End PBXTargetDependency section */

/* Begin PBXVariantGroup section */
		C4BB885C1EECD45A0099F81E /* Main.storyboard */ = {
			isa = PBXVariantGroup;
			children = (
				C4BB885D1EECD45A0099F81E /* Base */,
			);
			name = Main.storyboard;
			sourceTree = "<group>";
		};
		C4BB88641EECD45A0099F81E /* LaunchScreen.storyboard */ = {
			isa = PBXVariantGroup;
			children = (
				C4BB88651EECD45A0099F81E /* Base */,
			);
			name = LaunchScreen.storyboard;
			sourceTree = "<group>";
		};
/* End PBXVariantGroup section */

/* Begin XCBuildConfiguration section */
		C4BB887E1EECD45A0099F81E /* Debug */ = {
			isa = XCBuildConfiguration;
			buildSettings = {
				ALWAYS_SEARCH_USER_PATHS = NO;
				CLANG_ANALYZER_NONNULL = YES;
				CLANG_ANALYZER_NUMBER_OBJECT_CONVERSION = YES_AGGRESSIVE;
				CLANG_CXX_LANGUAGE_STANDARD = "gnu++0x";
				CLANG_CXX_LIBRARY = "libc++";
				CLANG_ENABLE_MODULES = YES;
				CLANG_ENABLE_OBJC_ARC = YES;
				CLANG_WARN_BOOL_CONVERSION = YES;
				CLANG_WARN_CONSTANT_CONVERSION = YES;
				CLANG_WARN_DIRECT_OBJC_ISA_USAGE = YES_ERROR;
				CLANG_WARN_DOCUMENTATION_COMMENTS = YES;
				CLANG_WARN_EMPTY_BODY = YES;
				CLANG_WARN_ENUM_CONVERSION = YES;
				CLANG_WARN_INFINITE_RECURSION = YES;
				CLANG_WARN_INT_CONVERSION = YES;
				CLANG_WARN_OBJC_ROOT_CLASS = YES_ERROR;
				CLANG_WARN_SUSPICIOUS_MOVE = YES;
				CLANG_WARN_UNREACHABLE_CODE = YES;
				CLANG_WARN__DUPLICATE_METHOD_MATCH = YES;
				"CODE_SIGN_IDENTITY[sdk=iphoneos*]" = "iPhone Developer";
				COPY_PHASE_STRIP = NO;
				DEBUG_INFORMATION_FORMAT = dwarf;
				ENABLE_STRICT_OBJC_MSGSEND = YES;
				ENABLE_TESTABILITY = YES;
				GCC_C_LANGUAGE_STANDARD = gnu99;
				GCC_DYNAMIC_NO_PIC = NO;
				GCC_NO_COMMON_BLOCKS = YES;
				GCC_OPTIMIZATION_LEVEL = 0;
				GCC_PREPROCESSOR_DEFINITIONS = (
					"DEBUG=1",
					"$(inherited)",
				);
				GCC_WARN_64_TO_32_BIT_CONVERSION = YES;
				GCC_WARN_ABOUT_RETURN_TYPE = YES_ERROR;
				GCC_WARN_UNDECLARED_SELECTOR = YES;
				GCC_WARN_UNINITIALIZED_AUTOS = YES_AGGRESSIVE;
				GCC_WARN_UNUSED_FUNCTION = YES;
				GCC_WARN_UNUSED_VARIABLE = YES;
				IPHONEOS_DEPLOYMENT_TARGET = 10.3;
				MTL_ENABLE_DEBUG_INFO = YES;
				ONLY_ACTIVE_ARCH = YES;
				SDKROOT = iphoneos;
				SWIFT_ACTIVE_COMPILATION_CONDITIONS = DEBUG;
				SWIFT_OPTIMIZATION_LEVEL = "-Onone";
				TARGETED_DEVICE_FAMILY = "1,2";
			};
			name = Debug;
		};
		C4BB887F1EECD45A0099F81E /* Release */ = {
			isa = XCBuildConfiguration;
			buildSettings = {
				ALWAYS_SEARCH_USER_PATHS = NO;
				CLANG_ANALYZER_NONNULL = YES;
				CLANG_ANALYZER_NUMBER_OBJECT_CONVERSION = YES_AGGRESSIVE;
				CLANG_CXX_LANGUAGE_STANDARD = "gnu++0x";
				CLANG_CXX_LIBRARY = "libc++";
				CLANG_ENABLE_MODULES = YES;
				CLANG_ENABLE_OBJC_ARC = YES;
				CLANG_WARN_BOOL_CONVERSION = YES;
				CLANG_WARN_CONSTANT_CONVERSION = YES;
				CLANG_WARN_DIRECT_OBJC_ISA_USAGE = YES_ERROR;
				CLANG_WARN_DOCUMENTATION_COMMENTS = YES;
				CLANG_WARN_EMPTY_BODY = YES;
				CLANG_WARN_ENUM_CONVERSION = YES;
				CLANG_WARN_INFINITE_RECURSION = YES;
				CLANG_WARN_INT_CONVERSION = YES;
				CLANG_WARN_OBJC_ROOT_CLASS = YES_ERROR;
				CLANG_WARN_SUSPICIOUS_MOVE = YES;
				CLANG_WARN_UNREACHABLE_CODE = YES;
				CLANG_WARN__DUPLICATE_METHOD_MATCH = YES;
				"CODE_SIGN_IDENTITY[sdk=iphoneos*]" = "iPhone Developer";
				COPY_PHASE_STRIP = NO;
				DEBUG_INFORMATION_FORMAT = "dwarf-with-dsym";
				ENABLE_NS_ASSERTIONS = NO;
				ENABLE_STRICT_OBJC_MSGSEND = YES;
				GCC_C_LANGUAGE_STANDARD = gnu99;
				GCC_NO_COMMON_BLOCKS = YES;
				GCC_WARN_64_TO_32_BIT_CONVERSION = YES;
				GCC_WARN_ABOUT_RETURN_TYPE = YES_ERROR;
				GCC_WARN_UNDECLARED_SELECTOR = YES;
				GCC_WARN_UNINITIALIZED_AUTOS = YES_AGGRESSIVE;
				GCC_WARN_UNUSED_FUNCTION = YES;
				GCC_WARN_UNUSED_VARIABLE = YES;
				IPHONEOS_DEPLOYMENT_TARGET = 10.3;
				MTL_ENABLE_DEBUG_INFO = NO;
				SDKROOT = iphoneos;
				SWIFT_OPTIMIZATION_LEVEL = "-Owholemodule";
				TARGETED_DEVICE_FAMILY = "1,2";
				VALIDATE_PRODUCT = YES;
			};
			name = Release;
		};
		C4BB88811EECD45A0099F81E /* Debug */ = {
			isa = XCBuildConfiguration;
			buildSettings = {
				ASSETCATALOG_COMPILER_APPICON_NAME = AppIcon;
				INFOPLIST_FILE = Bookme/Info.plist;
				LD_RUNPATH_SEARCH_PATHS = "$(inherited) @executable_path/Frameworks";
				PRODUCT_BUNDLE_IDENTIFIER = com.challenge.Bookme;
				PRODUCT_NAME = "$(TARGET_NAME)";
				SWIFT_VERSION = 3.0;
			};
			name = Debug;
		};
		C4BB88821EECD45A0099F81E /* Release */ = {
			isa = XCBuildConfiguration;
			buildSettings = {
				ASSETCATALOG_COMPILER_APPICON_NAME = AppIcon;
				INFOPLIST_FILE = Bookme/Info.plist;
				LD_RUNPATH_SEARCH_PATHS = "$(inherited) @executable_path/Frameworks";
				PRODUCT_BUNDLE_IDENTIFIER = com.challenge.Bookme;
				PRODUCT_NAME = "$(TARGET_NAME)";
				SWIFT_VERSION = 3.0;
			};
			name = Release;
		};
		C4BB88841EECD45A0099F81E /* Debug */ = {
			isa = XCBuildConfiguration;
			buildSettings = {
				ALWAYS_EMBED_SWIFT_STANDARD_LIBRARIES = YES;
				BUNDLE_LOADER = "$(TEST_HOST)";
				INFOPLIST_FILE = BookmeTests/Info.plist;
				LD_RUNPATH_SEARCH_PATHS = "$(inherited) @executable_path/Frameworks @loader_path/Frameworks";
				PRODUCT_BUNDLE_IDENTIFIER = com.challenge.BookmeTests;
				PRODUCT_NAME = "$(TARGET_NAME)";
				SWIFT_VERSION = 3.0;
				TEST_HOST = "$(BUILT_PRODUCTS_DIR)/Bookme.app/Bookme";
			};
			name = Debug;
		};
		C4BB88851EECD45A0099F81E /* Release */ = {
			isa = XCBuildConfiguration;
			buildSettings = {
				ALWAYS_EMBED_SWIFT_STANDARD_LIBRARIES = YES;
				BUNDLE_LOADER = "$(TEST_HOST)";
				INFOPLIST_FILE = BookmeTests/Info.plist;
				LD_RUNPATH_SEARCH_PATHS = "$(inherited) @executable_path/Frameworks @loader_path/Frameworks";
				PRODUCT_BUNDLE_IDENTIFIER = com.challenge.BookmeTests;
				PRODUCT_NAME = "$(TARGET_NAME)";
				SWIFT_VERSION = 3.0;
				TEST_HOST = "$(BUILT_PRODUCTS_DIR)/Bookme.app/Bookme";
			};
			name = Release;
		};
		C4BB88871EECD45A0099F81E /* Debug */ = {
			isa = XCBuildConfiguration;
			buildSettings = {
				ALWAYS_EMBED_SWIFT_STANDARD_LIBRARIES = YES;
				INFOPLIST_FILE = BookmeUITests/Info.plist;
				LD_RUNPATH_SEARCH_PATHS = "$(inherited) @executable_path/Frameworks @loader_path/Frameworks";
				PRODUCT_BUNDLE_IDENTIFIER = com.challenge.BookmeUITests;
				PRODUCT_NAME = "$(TARGET_NAME)";
				SWIFT_VERSION = 3.0;
				TEST_TARGET_NAME = Bookme;
			};
			name = Debug;
		};
		C4BB88881EECD45A0099F81E /* Release */ = {
			isa = XCBuildConfiguration;
			buildSettings = {
				ALWAYS_EMBED_SWIFT_STANDARD_LIBRARIES = YES;
				INFOPLIST_FILE = BookmeUITests/Info.plist;
				LD_RUNPATH_SEARCH_PATHS = "$(inherited) @executable_path/Frameworks @loader_path/Frameworks";
				PRODUCT_BUNDLE_IDENTIFIER = com.challenge.BookmeUITests;
				PRODUCT_NAME = "$(TARGET_NAME)";
				SWIFT_VERSION = 3.0;
				TEST_TARGET_NAME = Bookme;
			};
			name = Release;
		};
/* End XCBuildConfiguration section */

/* Begin XCConfigurationList section */
		C4BB88501EECD45A0099F81E /* Build configuration list for PBXProject "Bookme" */ = {
			isa = XCConfigurationList;
			buildConfigurations = (
				C4BB887E1EECD45A0099F81E /* Debug */,
				C4BB887F1EECD45A0099F81E /* Release */,
			);
			defaultConfigurationIsVisible = 0;
			defaultConfigurationName = Release;
		};
		C4BB88801EECD45A0099F81E /* Build configuration list for PBXNativeTarget "Bookme" */ = {
			isa = XCConfigurationList;
			buildConfigurations = (
				C4BB88811EECD45A0099F81E /* Debug */,
				C4BB88821EECD45A0099F81E /* Release */,
			);
			defaultConfigurationIsVisible = 0;
		};
		C4BB88831EECD45A0099F81E /* Build configuration list for PBXNativeTarget "BookmeTests" */ = {
			isa = XCConfigurationList;
			buildConfigurations = (
				C4BB88841EECD45A0099F81E /* Debug */,
				C4BB88851EECD45A0099F81E /* Release */,
			);
			defaultConfigurationIsVisible = 0;
		};
		C4BB88861EECD45A0099F81E /* Build configuration list for PBXNativeTarget "BookmeUITests" */ = {
			isa = XCConfigurationList;
			buildConfigurations = (
				C4BB88871EECD45A0099F81E /* Debug */,
				C4BB88881EECD45A0099F81E /* Release */,
			);
			defaultConfigurationIsVisible = 0;
		};
/* End XCConfigurationList section */

/* Begin XCVersionGroup section */
		C4BB885F1EECD45A0099F81E /* Bookme.xcdatamodeld */ = {
			isa = XCVersionGroup;
			children = (
				C4BB88601EECD45A0099F81E /* Bookme.xcdatamodel */,
			);
			currentVersion = C4BB88601EECD45A0099F81E /* Bookme.xcdatamodel */;
			path = Bookme.xcdatamodeld;
			sourceTree = "<group>";
			versionGroupType = wrapper.xcdatamodel;
		};
/* End XCVersionGroup section */
	};
	rootObject = C4BB884D1EECD45A0099F81E /* Project object */;
}
